// !$*UTF8*$!
{
	archiveVersion = 1;
	classes = {
	};
	objectVersion = 46;
	objects = {

/* Begin PBXBuildFile section */
		4510AFE21CB5A96100654387 /* AppDelegate.swift in Sources */ = {isa = PBXBuildFile; fileRef = 4510AFE11CB5A96100654387 /* AppDelegate.swift */; };
		4510AFE61CB5A96100654387 /* GameScene.swift in Sources */ = {isa = PBXBuildFile; fileRef = 4510AFE51CB5A96100654387 /* GameScene.swift */; };
		4510AFE81CB5A96100654387 /* GameViewController.swift in Sources */ = {isa = PBXBuildFile; fileRef = 4510AFE71CB5A96100654387 /* GameViewController.swift */; };
		4510AFED1CB5A96100654387 /* Images.xcassets in Resources */ = {isa = PBXBuildFile; fileRef = 4510AFEC1CB5A96100654387 /* Images.xcassets */; };
		4510AFF01CB5A96100654387 /* LaunchScreen.xib in Resources */ = {isa = PBXBuildFile; fileRef = 4510AFEE1CB5A96100654387 /* LaunchScreen.xib */; };
		4510AFFC1CB5A96200654387 /* SWTowerDefenseTests.swift in Sources */ = {isa = PBXBuildFile; fileRef = 4510AFFB1CB5A96200654387 /* SWTowerDefenseTests.swift */; };
		452F65D81CCAC4EC00027DD0 /* button_about.png in Resources */ = {isa = PBXBuildFile; fileRef = 452F65D61CCAC4EC00027DD0 /* button_about.png */; };
		452F65D91CCAC4EC00027DD0 /* button_play.png in Resources */ = {isa = PBXBuildFile; fileRef = 452F65D71CCAC4EC00027DD0 /* button_play.png */; };
		456A95501CCAA34B00149C3C /* loadScreen.png in Resources */ = {isa = PBXBuildFile; fileRef = 456A954B1CCAA34B00149C3C /* loadScreen.png */; };
		456A95521CCAA34B00149C3C /* menu_authors.png in Resources */ = {isa = PBXBuildFile; fileRef = 456A954D1CCAA34B00149C3C /* menu_authors.png */; };
		456A95531CCAA34B00149C3C /* menu_howToPlay.png in Resources */ = {isa = PBXBuildFile; fileRef = 456A954E1CCAA34B00149C3C /* menu_howToPlay.png */; };
		456A95541CCAA34B00149C3C /* menu_main.png in Resources */ = {isa = PBXBuildFile; fileRef = 456A954F1CCAA34B00149C3C /* menu_main.png */; };
		456A955A1CCAAC7B00149C3C /* AboutScene.swift in Sources */ = {isa = PBXBuildFile; fileRef = 456A95591CCAAC7B00149C3C /* AboutScene.swift */; };
		456A955C1CCAB72B00149C3C /* menu_about.png in Resources */ = {isa = PBXBuildFile; fileRef = 456A955B1CCAB72B00149C3C /* menu_about.png */; };
		45C5250A1CB5E5B400705AAA /* Tower.swift in Sources */ = {isa = PBXBuildFile; fileRef = 45C525091CB5E5B400705AAA /* Tower.swift */; };
		45C5250C1CB5EA4D00705AAA /* MenuScene.swift in Sources */ = {isa = PBXBuildFile; fileRef = 45C5250B1CB5EA4D00705AAA /* MenuScene.swift */; };
		45C525101CB5EAF700705AAA /* Critter.swift in Sources */ = {isa = PBXBuildFile; fileRef = 45C5250F1CB5EAF700705AAA /* Critter.swift */; };
		45CB71C41CC078D00027A9A4 /* Bullet.swift in Sources */ = {isa = PBXBuildFile; fileRef = 45CB71C31CC078D00027A9A4 /* Bullet.swift */; };
		45CB71C61CC079430027A9A4 /* bullet.png in Resources */ = {isa = PBXBuildFile; fileRef = 45CB71C51CC079430027A9A4 /* bullet.png */; };
		45CB71D61CC2D8720027A9A4 /* stormtrooper.png in Resources */ = {isa = PBXBuildFile; fileRef = 45CB71D51CC2D8720027A9A4 /* stormtrooper.png */; };
		45CB71D81CC2D9C00027A9A4 /* background.png in Resources */ = {isa = PBXBuildFile; fileRef = 45CB71D71CC2D9C00027A9A4 /* background.png */; };
		45CB71DA1CC2E2220027A9A4 /* towerY.png in Resources */ = {isa = PBXBuildFile; fileRef = 45CB71D91CC2E2220027A9A4 /* towerY.png */; };
		45E0DE5D1CB74783000024E0 /* Star Wars - Cantina Theme_40622300_soundcloud.mp3 in Resources */ = {isa = PBXBuildFile; fileRef = 45E0DE5B1CB74783000024E0 /* Star Wars - Cantina Theme_40622300_soundcloud.mp3 */; };
		45E0DE5E1CB74783000024E0 /* Star Wars - Duel of the Fates_50146898_soundcloud.mp3 in Resources */ = {isa = PBXBuildFile; fileRef = 45E0DE5C1CB74783000024E0 /* Star Wars - Duel of the Fates_50146898_soundcloud.mp3 */; };
/* End PBXBuildFile section */

/* Begin PBXContainerItemProxy section */
		4510AFF61CB5A96200654387 /* PBXContainerItemProxy */ = {
			isa = PBXContainerItemProxy;
			containerPortal = 4510AFD41CB5A96100654387 /* Project object */;
			proxyType = 1;
			remoteGlobalIDString = 4510AFDB1CB5A96100654387;
			remoteInfo = SWTowerDefense;
		};
/* End PBXContainerItemProxy section */

/* Begin PBXFileReference section */
		4510AFDC1CB5A96100654387 /* SWTowerDefense.app */ = {isa = PBXFileReference; explicitFileType = wrapper.application; includeInIndex = 0; path = SWTowerDefense.app; sourceTree = BUILT_PRODUCTS_DIR; };
		4510AFE01CB5A96100654387 /* Info.plist */ = {isa = PBXFileReference; lastKnownFileType = text.plist.xml; path = Info.plist; sourceTree = "<group>"; };
		4510AFE11CB5A96100654387 /* AppDelegate.swift */ = {isa = PBXFileReference; lastKnownFileType = sourcecode.swift; path = AppDelegate.swift; sourceTree = "<group>"; };
		4510AFE51CB5A96100654387 /* GameScene.swift */ = {isa = PBXFileReference; lastKnownFileType = sourcecode.swift; path = GameScene.swift; sourceTree = "<group>"; };
		4510AFE71CB5A96100654387 /* GameViewController.swift */ = {isa = PBXFileReference; lastKnownFileType = sourcecode.swift; path = GameViewController.swift; sourceTree = "<group>"; };
		4510AFEC1CB5A96100654387 /* Images.xcassets */ = {isa = PBXFileReference; lastKnownFileType = folder.assetcatalog; path = Images.xcassets; sourceTree = "<group>"; };
		4510AFEF1CB5A96100654387 /* Base */ = {isa = PBXFileReference; lastKnownFileType = file.xib; name = Base; path = Base.lproj/LaunchScreen.xib; sourceTree = "<group>"; };
		4510AFF51CB5A96200654387 /* SWTowerDefenseTests.xctest */ = {isa = PBXFileReference; explicitFileType = wrapper.cfbundle; includeInIndex = 0; path = SWTowerDefenseTests.xctest; sourceTree = BUILT_PRODUCTS_DIR; };
		4510AFFA1CB5A96200654387 /* Info.plist */ = {isa = PBXFileReference; lastKnownFileType = text.plist.xml; path = Info.plist; sourceTree = "<group>"; };
		4510AFFB1CB5A96200654387 /* SWTowerDefenseTests.swift */ = {isa = PBXFileReference; lastKnownFileType = sourcecode.swift; path = SWTowerDefenseTests.swift; sourceTree = "<group>"; };
		452F65D61CCAC4EC00027DD0 /* button_about.png */ = {isa = PBXFileReference; lastKnownFileType = image.png; name = button_about.png; path = ../button_about.png; sourceTree = "<group>"; };
		452F65D71CCAC4EC00027DD0 /* button_play.png */ = {isa = PBXFileReference; lastKnownFileType = image.png; name = button_play.png; path = ../button_play.png; sourceTree = "<group>"; };
		456A954B1CCAA34B00149C3C /* loadScreen.png */ = {isa = PBXFileReference; lastKnownFileType = image.png; path = loadScreen.png; sourceTree = "<group>"; };
		456A954D1CCAA34B00149C3C /* menu_authors.png */ = {isa = PBXFileReference; lastKnownFileType = image.png; path = menu_authors.png; sourceTree = "<group>"; };
		456A954E1CCAA34B00149C3C /* menu_howToPlay.png */ = {isa = PBXFileReference; lastKnownFileType = image.png; path = menu_howToPlay.png; sourceTree = "<group>"; };
		456A954F1CCAA34B00149C3C /* menu_main.png */ = {isa = PBXFileReference; lastKnownFileType = image.png; path = menu_main.png; sourceTree = "<group>"; };
		456A95591CCAAC7B00149C3C /* AboutScene.swift */ = {isa = PBXFileReference; fileEncoding = 4; lastKnownFileType = sourcecode.swift; path = AboutScene.swift; sourceTree = "<group>"; };
		456A955B1CCAB72B00149C3C /* menu_about.png */ = {isa = PBXFileReference; lastKnownFileType = image.png; name = menu_about.png; path = ../menu_about.png; sourceTree = "<group>"; };
		45C525091CB5E5B400705AAA /* Tower.swift */ = {isa = PBXFileReference; fileEncoding = 4; lastKnownFileType = sourcecode.swift; path = Tower.swift; sourceTree = "<group>"; };
		45C5250B1CB5EA4D00705AAA /* MenuScene.swift */ = {isa = PBXFileReference; fileEncoding = 4; lastKnownFileType = sourcecode.swift; path = MenuScene.swift; sourceTree = "<group>"; };
		45C5250F1CB5EAF700705AAA /* Critter.swift */ = {isa = PBXFileReference; fileEncoding = 4; lastKnownFileType = sourcecode.swift; path = Critter.swift; sourceTree = "<group>"; };
		45CB71C31CC078D00027A9A4 /* Bullet.swift */ = {isa = PBXFileReference; fileEncoding = 4; lastKnownFileType = sourcecode.swift; path = Bullet.swift; sourceTree = "<group>"; };
		45CB71C51CC079430027A9A4 /* bullet.png */ = {isa = PBXFileReference; lastKnownFileType = image.png; path = bullet.png; sourceTree = "<group>"; };
		45CB71D51CC2D8720027A9A4 /* stormtrooper.png */ = {isa = PBXFileReference; lastKnownFileType = image.png; name = stormtrooper.png; path = ../stormtrooper.png; sourceTree = "<group>"; };
		45CB71D71CC2D9C00027A9A4 /* background.png */ = {isa = PBXFileReference; lastKnownFileType = image.png; name = background.png; path = ../background.png; sourceTree = "<group>"; };
		45CB71D91CC2E2220027A9A4 /* towerY.png */ = {isa = PBXFileReference; lastKnownFileType = image.png; path = towerY.png; sourceTree = "<group>"; };
		45E0DE5B1CB74783000024E0 /* Star Wars - Cantina Theme_40622300_soundcloud.mp3 */ = {isa = PBXFileReference; lastKnownFileType = audio.mp3; path = "Star Wars - Cantina Theme_40622300_soundcloud.mp3"; sourceTree = "<group>"; };
		45E0DE5C1CB74783000024E0 /* Star Wars - Duel of the Fates_50146898_soundcloud.mp3 */ = {isa = PBXFileReference; lastKnownFileType = audio.mp3; path = "Star Wars - Duel of the Fates_50146898_soundcloud.mp3"; sourceTree = "<group>"; };
/* End PBXFileReference section */

/* Begin PBXFrameworksBuildPhase section */
		4510AFD91CB5A96100654387 /* Frameworks */ = {
			isa = PBXFrameworksBuildPhase;
			buildActionMask = 2147483647;
			files = (
			);
			runOnlyForDeploymentPostprocessing = 0;
		};
		4510AFF21CB5A96200654387 /* Frameworks */ = {
			isa = PBXFrameworksBuildPhase;
			buildActionMask = 2147483647;
			files = (
			);
			runOnlyForDeploymentPostprocessing = 0;
		};
/* End PBXFrameworksBuildPhase section */

/* Begin PBXGroup section */
		4510AFD31CB5A96100654387 = {
			isa = PBXGroup;
			children = (
				4510AFDE1CB5A96100654387 /* SWTowerDefense */,
				4510AFF81CB5A96200654387 /* SWTowerDefenseTests */,
				4510AFDD1CB5A96100654387 /* Products */,
			);
			sourceTree = "<group>";
		};
		4510AFDD1CB5A96100654387 /* Products */ = {
			isa = PBXGroup;
			children = (
				4510AFDC1CB5A96100654387 /* SWTowerDefense.app */,
				4510AFF51CB5A96200654387 /* SWTowerDefenseTests.xctest */,
			);
			name = Products;
			sourceTree = "<group>";
		};
		4510AFDE1CB5A96100654387 /* SWTowerDefense */ = {
			isa = PBXGroup;
			children = (
				4510AFE11CB5A96100654387 /* AppDelegate.swift */,
				45CB71C31CC078D00027A9A4 /* Bullet.swift */,
				45C5250F1CB5EAF700705AAA /* Critter.swift */,
				4510AFE51CB5A96100654387 /* GameScene.swift */,
				4510AFE71CB5A96100654387 /* GameViewController.swift */,
				4510AFEC1CB5A96100654387 /* Images.xcassets */,
				4510AFEE1CB5A96100654387 /* LaunchScreen.xib */,
				45C5250B1CB5EA4D00705AAA /* MenuScene.swift */,
				456A95591CCAAC7B00149C3C /* AboutScene.swift */,
				4510AFDF1CB5A96100654387 /* Supporting Files */,
				45C525091CB5E5B400705AAA /* Tower.swift */,
			);
			path = SWTowerDefense;
			sourceTree = "<group>";
		};
		4510AFDF1CB5A96100654387 /* Supporting Files */ = {
			isa = PBXGroup;
			children = (
				452F65D61CCAC4EC00027DD0 /* button_about.png */,
				452F65D71CCAC4EC00027DD0 /* button_play.png */,
				456A955B1CCAB72B00149C3C /* menu_about.png */,
				456A954B1CCAA34B00149C3C /* loadScreen.png */,
				456A954D1CCAA34B00149C3C /* menu_authors.png */,
				456A954E1CCAA34B00149C3C /* menu_howToPlay.png */,
				456A954F1CCAA34B00149C3C /* menu_main.png */,
				45CB71D91CC2E2220027A9A4 /* towerY.png */,
				45CB71D71CC2D9C00027A9A4 /* background.png */,
				45CB71D51CC2D8720027A9A4 /* stormtrooper.png */,
				45CB71C51CC079430027A9A4 /* bullet.png */,
				45E0DE5B1CB74783000024E0 /* Star Wars - Cantina Theme_40622300_soundcloud.mp3 */,
				45E0DE5C1CB74783000024E0 /* Star Wars - Duel of the Fates_50146898_soundcloud.mp3 */,
				4510AFE01CB5A96100654387 /* Info.plist */,
			);
			name = "Supporting Files";
			sourceTree = "<group>";
		};
		4510AFF81CB5A96200654387 /* SWTowerDefenseTests */ = {
			isa = PBXGroup;
			children = (
				4510AFFB1CB5A96200654387 /* SWTowerDefenseTests.swift */,
				4510AFF91CB5A96200654387 /* Supporting Files */,
			);
			path = SWTowerDefenseTests;
			sourceTree = "<group>";
		};
		4510AFF91CB5A96200654387 /* Supporting Files */ = {
			isa = PBXGroup;
			children = (
				4510AFFA1CB5A96200654387 /* Info.plist */,
			);
			name = "Supporting Files";
			sourceTree = "<group>";
		};
/* End PBXGroup section */

/* Begin PBXNativeTarget section */
		4510AFDB1CB5A96100654387 /* SWTowerDefense */ = {
			isa = PBXNativeTarget;
			buildConfigurationList = 4510AFFF1CB5A96200654387 /* Build configuration list for PBXNativeTarget "SWTowerDefense" */;
			buildPhases = (
				4510AFD81CB5A96100654387 /* Sources */,
				4510AFD91CB5A96100654387 /* Frameworks */,
				4510AFDA1CB5A96100654387 /* Resources */,
			);
			buildRules = (
			);
			dependencies = (
			);
			name = SWTowerDefense;
			productName = SWTowerDefense;
			productReference = 4510AFDC1CB5A96100654387 /* SWTowerDefense.app */;
			productType = "com.apple.product-type.application";
		};
		4510AFF41CB5A96200654387 /* SWTowerDefenseTests */ = {
			isa = PBXNativeTarget;
			buildConfigurationList = 4510B0021CB5A96200654387 /* Build configuration list for PBXNativeTarget "SWTowerDefenseTests" */;
			buildPhases = (
				4510AFF11CB5A96200654387 /* Sources */,
				4510AFF21CB5A96200654387 /* Frameworks */,
				4510AFF31CB5A96200654387 /* Resources */,
			);
			buildRules = (
			);
			dependencies = (
				4510AFF71CB5A96200654387 /* PBXTargetDependency */,
			);
			name = SWTowerDefenseTests;
			productName = SWTowerDefenseTests;
			productReference = 4510AFF51CB5A96200654387 /* SWTowerDefenseTests.xctest */;
			productType = "com.apple.product-type.bundle.unit-test";
		};
/* End PBXNativeTarget section */

/* Begin PBXProject section */
		4510AFD41CB5A96100654387 /* Project object */ = {
			isa = PBXProject;
			attributes = {
				LastSwiftMigration = 0730;
				LastSwiftUpdateCheck = 0730;
				LastUpgradeCheck = 0640;
				ORGANIZATIONNAME = "Gabe Borges";
				TargetAttributes = {
					4510AFDB1CB5A96100654387 = {
						CreatedOnToolsVersion = 6.4;
					};
					4510AFF41CB5A96200654387 = {
						CreatedOnToolsVersion = 6.4;
						TestTargetID = 4510AFDB1CB5A96100654387;
					};
				};
			};
			buildConfigurationList = 4510AFD71CB5A96100654387 /* Build configuration list for PBXProject "SWTowerDefense" */;
			compatibilityVersion = "Xcode 3.2";
			developmentRegion = English;
			hasScannedForEncodings = 0;
			knownRegions = (
				en,
				Base,
			);
			mainGroup = 4510AFD31CB5A96100654387;
			productRefGroup = 4510AFDD1CB5A96100654387 /* Products */;
			projectDirPath = "";
			projectRoot = "";
			targets = (
				4510AFDB1CB5A96100654387 /* SWTowerDefense */,
				4510AFF41CB5A96200654387 /* SWTowerDefenseTests */,
			);
		};
/* End PBXProject section */

/* Begin PBXResourcesBuildPhase section */
		4510AFDA1CB5A96100654387 /* Resources */ = {
			isa = PBXResourcesBuildPhase;
			buildActionMask = 2147483647;
			files = (
				452F65D91CCAC4EC00027DD0 /* button_play.png in Resources */,
				4510AFF01CB5A96100654387 /* LaunchScreen.xib in Resources */,
				456A95501CCAA34B00149C3C /* loadScreen.png in Resources */,
				45CB71C61CC079430027A9A4 /* bullet.png in Resources */,
				45CB71D81CC2D9C00027A9A4 /* background.png in Resources */,
				45E0DE5E1CB74783000024E0 /* Star Wars - Duel of the Fates_50146898_soundcloud.mp3 in Resources */,
				452F65D81CCAC4EC00027DD0 /* button_about.png in Resources */,
				456A955C1CCAB72B00149C3C /* menu_about.png in Resources */,
				4510AFED1CB5A96100654387 /* Images.xcassets in Resources */,
				45E0DE5D1CB74783000024E0 /* Star Wars - Cantina Theme_40622300_soundcloud.mp3 in Resources */,
				456A95531CCAA34B00149C3C /* menu_howToPlay.png in Resources */,
				456A95541CCAA34B00149C3C /* menu_main.png in Resources */,
				45CB71D61CC2D8720027A9A4 /* stormtrooper.png in Resources */,
				456A95521CCAA34B00149C3C /* menu_authors.png in Resources */,
				45CB71DA1CC2E2220027A9A4 /* towerY.png in Resources */,
			);
			runOnlyForDeploymentPostprocessing = 0;
		};
		4510AFF31CB5A96200654387 /* Resources */ = {
			isa = PBXResourcesBuildPhase;
			buildActionMask = 2147483647;
			files = (
			);
			runOnlyForDeploymentPostprocessing = 0;
		};
/* End PBXResourcesBuildPhase section */

/* Begin PBXSourcesBuildPhase section */
		4510AFD81CB5A96100654387 /* Sources */ = {
			isa = PBXSourcesBuildPhase;
			buildActionMask = 2147483647;
			files = (
				45C525101CB5EAF700705AAA /* Critter.swift in Sources */,
				4510AFE61CB5A96100654387 /* GameScene.swift in Sources */,
				4510AFE81CB5A96100654387 /* GameViewController.swift in Sources */,
				45C5250C1CB5EA4D00705AAA /* MenuScene.swift in Sources */,
				456A955A1CCAAC7B00149C3C /* AboutScene.swift in Sources */,
				4510AFE21CB5A96100654387 /* AppDelegate.swift in Sources */,
				45C5250A1CB5E5B400705AAA /* Tower.swift in Sources */,
				45CB71C41CC078D00027A9A4 /* Bullet.swift in Sources */,
			);
			runOnlyForDeploymentPostprocessing = 0;
		};
		4510AFF11CB5A96200654387 /* Sources */ = {
			isa = PBXSourcesBuildPhase;
			buildActionMask = 2147483647;
			files = (
				4510AFFC1CB5A96200654387 /* SWTowerDefenseTests.swift in Sources */,
			);
			runOnlyForDeploymentPostprocessing = 0;
		};
/* End PBXSourcesBuildPhase section */

/* Begin PBXTargetDependency section */
		4510AFF71CB5A96200654387 /* PBXTargetDependency */ = {
			isa = PBXTargetDependency;
			target = 4510AFDB1CB5A96100654387 /* SWTowerDefense */;
			targetProxy = 4510AFF61CB5A96200654387 /* PBXContainerItemProxy */;
		};
/* End PBXTargetDependency section */

/* Begin PBXVariantGroup section */
		4510AFEE1CB5A96100654387 /* LaunchScreen.xib */ = {
			isa = PBXVariantGroup;
			children = (
				4510AFEF1CB5A96100654387 /* Base */,
			);
			name = LaunchScreen.xib;
			sourceTree = "<group>";
		};
/* End PBXVariantGroup section */

/* Begin XCBuildConfiguration section */
		4510AFFD1CB5A96200654387 /* Debug */ = {
			isa = XCBuildConfiguration;
			buildSettings = {
				ALWAYS_SEARCH_USER_PATHS = NO;
				CLANG_CXX_LANGUAGE_STANDARD = "gnu++0x";
				CLANG_CXX_LIBRARY = "libc++";
				CLANG_ENABLE_MODULES = YES;
				CLANG_ENABLE_OBJC_ARC = YES;
				CLANG_WARN_BOOL_CONVERSION = YES;
				CLANG_WARN_CONSTANT_CONVERSION = YES;
				CLANG_WARN_DIRECT_OBJC_ISA_USAGE = YES_ERROR;
				CLANG_WARN_EMPTY_BODY = YES;
				CLANG_WARN_ENUM_CONVERSION = YES;
				CLANG_WARN_INT_CONVERSION = YES;
				CLANG_WARN_OBJC_ROOT_CLASS = YES_ERROR;
				CLANG_WARN_UNREACHABLE_CODE = YES;
				CLANG_WARN__DUPLICATE_METHOD_MATCH = YES;
				"CODE_SIGN_IDENTITY[sdk=iphoneos*]" = "iPhone Developer";
				COPY_PHASE_STRIP = NO;
				DEBUG_INFORMATION_FORMAT = "dwarf-with-dsym";
				ENABLE_STRICT_OBJC_MSGSEND = YES;
				GCC_C_LANGUAGE_STANDARD = gnu99;
				GCC_DYNAMIC_NO_PIC = NO;
				GCC_NO_COMMON_BLOCKS = YES;
				GCC_OPTIMIZATION_LEVEL = 0;
				GCC_PREPROCESSOR_DEFINITIONS = (
					"DEBUG=1",
					"$(inherited)",
				);
				GCC_SYMBOLS_PRIVATE_EXTERN = NO;
				GCC_WARN_64_TO_32_BIT_CONVERSION = YES;
				GCC_WARN_ABOUT_RETURN_TYPE = YES_ERROR;
				GCC_WARN_UNDECLARED_SELECTOR = YES;
				GCC_WARN_UNINITIALIZED_AUTOS = YES_AGGRESSIVE;
				GCC_WARN_UNUSED_FUNCTION = YES;
				GCC_WARN_UNUSED_VARIABLE = YES;
				IPHONEOS_DEPLOYMENT_TARGET = 8.4;
				MTL_ENABLE_DEBUG_INFO = YES;
				ONLY_ACTIVE_ARCH = YES;
				SDKROOT = iphoneos;
				SWIFT_OPTIMIZATION_LEVEL = "-Onone";
				TARGETED_DEVICE_FAMILY = "1,2";
			};
			name = Debug;
		};
		4510AFFE1CB5A96200654387 /* Release */ = {
			isa = XCBuildConfiguration;
			buildSettings = {
				ALWAYS_SEARCH_USER_PATHS = NO;
				CLANG_CXX_LANGUAGE_STANDARD = "gnu++0x";
				CLANG_CXX_LIBRARY = "libc++";
				CLANG_ENABLE_MODULES = YES;
				CLANG_ENABLE_OBJC_ARC = YES;
				CLANG_WARN_BOOL_CONVERSION = YES;
				CLANG_WARN_CONSTANT_CONVERSION = YES;
				CLANG_WARN_DIRECT_OBJC_ISA_USAGE = YES_ERROR;
				CLANG_WARN_EMPTY_BODY = YES;
				CLANG_WARN_ENUM_CONVERSION = YES;
				CLANG_WARN_INT_CONVERSION = YES;
				CLANG_WARN_OBJC_ROOT_CLASS = YES_ERROR;
				CLANG_WARN_UNREACHABLE_CODE = YES;
				CLANG_WARN__DUPLICATE_METHOD_MATCH = YES;
				"CODE_SIGN_IDENTITY[sdk=iphoneos*]" = "iPhone Developer";
				COPY_PHASE_STRIP = NO;
				DEBUG_INFORMATION_FORMAT = "dwarf-with-dsym";
				ENABLE_NS_ASSERTIONS = NO;
				ENABLE_STRICT_OBJC_MSGSEND = YES;
				GCC_C_LANGUAGE_STANDARD = gnu99;
				GCC_NO_COMMON_BLOCKS = YES;
				GCC_WARN_64_TO_32_BIT_CONVERSION = YES;
				GCC_WARN_ABOUT_RETURN_TYPE = YES_ERROR;
				GCC_WARN_UNDECLARED_SELECTOR = YES;
				GCC_WARN_UNINITIALIZED_AUTOS = YES_AGGRESSIVE;
				GCC_WARN_UNUSED_FUNCTION = YES;
				GCC_WARN_UNUSED_VARIABLE = YES;
				IPHONEOS_DEPLOYMENT_TARGET = 8.4;
				MTL_ENABLE_DEBUG_INFO = NO;
				SDKROOT = iphoneos;
				TARGETED_DEVICE_FAMILY = "1,2";
				VALIDATE_PRODUCT = YES;
			};
			name = Release;
		};
		4510B0001CB5A96200654387 /* Debug */ = {
			isa = XCBuildConfiguration;
			buildSettings = {
				ASSETCATALOG_COMPILER_APPICON_NAME = AppIcon;
				ASSETCATALOG_COMPILER_LAUNCHIMAGE_NAME = LaunchImage;
				INFOPLIST_FILE = SWTowerDefense/Info.plist;
				LD_RUNPATH_SEARCH_PATHS = "$(inherited) @executable_path/Frameworks";
				PRODUCT_NAME = "$(TARGET_NAME)";
			};
			name = Debug;
		};
		4510B0011CB5A96200654387 /* Release */ = {
			isa = XCBuildConfiguration;
			buildSettings = {
				ASSETCATALOG_COMPILER_APPICON_NAME = AppIcon;
				ASSETCATALOG_COMPILER_LAUNCHIMAGE_NAME = LaunchImage;
				INFOPLIST_FILE = SWTowerDefense/Info.plist;
				LD_RUNPATH_SEARCH_PATHS = "$(inherited) @executable_path/Frameworks";
				PRODUCT_NAME = "$(TARGET_NAME)";
			};
			name = Release;
		};
		4510B0031CB5A96200654387 /* Debug */ = {
			isa = XCBuildConfiguration;
			buildSettings = {
				BUNDLE_LOADER = "$(TEST_HOST)";
				FRAMEWORK_SEARCH_PATHS = (
					"$(SDKROOT)/Developer/Library/Frameworks",
					"$(inherited)",
				);
				GCC_PREPROCESSOR_DEFINITIONS = (
					"DEBUG=1",
					"$(inherited)",
				);
				INFOPLIST_FILE = SWTowerDefenseTests/Info.plist;
				LD_RUNPATH_SEARCH_PATHS = "$(inherited) @executable_path/Frameworks @loader_path/Frameworks";
				PRODUCT_NAME = "$(TARGET_NAME)";
				TEST_HOST = "$(BUILT_PRODUCTS_DIR)/SWTowerDefense.app/SWTowerDefense";
			};
			name = Debug;
		};
		4510B0041CB5A96200654387 /* Release */ = {
			isa = XCBuildConfiguration;
			buildSettings = {
				BUNDLE_LOADER = "$(TEST_HOST)";
				FRAMEWORK_SEARCH_PATHS = (
					"$(SDKROOT)/Developer/Library/Frameworks",
					"$(inherited)",
				);
				INFOPLIST_FILE = SWTowerDefenseTests/Info.plist;
				LD_RUNPATH_SEARCH_PATHS = "$(inherited) @executable_path/Frameworks @loader_path/Frameworks";
				PRODUCT_NAME = "$(TARGET_NAME)";
				TEST_HOST = "$(BUILT_PRODUCTS_DIR)/SWTowerDefense.app/SWTowerDefense";
			};
			name = Release;
		};
/* End XCBuildConfiguration section */

/* Begin XCConfigurationList section */
		4510AFD71CB5A96100654387 /* Build configuration list for PBXProject "SWTowerDefense" */ = {
			isa = XCConfigurationList;
			buildConfigurations = (
				4510AFFD1CB5A96200654387 /* Debug */,
				4510AFFE1CB5A96200654387 /* Release */,
			);
			defaultConfigurationIsVisible = 0;
			defaultConfigurationName = Release;
		};
		4510AFFF1CB5A96200654387 /* Build configuration list for PBXNativeTarget "SWTowerDefense" */ = {
			isa = XCConfigurationList;
			buildConfigurations = (
				4510B0001CB5A96200654387 /* Debug */,
				4510B0011CB5A96200654387 /* Release */,
			);
			defaultConfigurationIsVisible = 0;
			defaultConfigurationName = Release;
		};
		4510B0021CB5A96200654387 /* Build configuration list for PBXNativeTarget "SWTowerDefenseTests" */ = {
			isa = XCConfigurationList;
			buildConfigurations = (
				4510B0031CB5A96200654387 /* Debug */,
				4510B0041CB5A96200654387 /* Release */,
			);
			defaultConfigurationIsVisible = 0;
			defaultConfigurationName = Release;
		};
/* End XCConfigurationList section */
	};
	rootObject = 4510AFD41CB5A96100654387 /* Project object */;
}
